// !$*UTF8*$!
{
	archiveVersion = 1;
	classes = {
	};
	objectVersion = 55;
	objects = {

/* Begin PBXBuildFile section */
		2FBB1967C2FBA09DEDB0B56D /* Pods_Habit_Tracker.framework in Frameworks */ = {isa = PBXBuildFile; fileRef = 7CDE3D0BBA0DE37772437ED2 /* Pods_Habit_Tracker.framework */; };
		CE06B7F128F94DFF00794EA9 /* swiftgen.yml in Resources */ = {isa = PBXBuildFile; fileRef = CE06B7F028F94DFF00794EA9 /* swiftgen.yml */; };
		CE639292280AF19400891278 /* AppDelegate.swift in Sources */ = {isa = PBXBuildFile; fileRef = CE639291280AF19400891278 /* AppDelegate.swift */; };
		CE639294280AF19400891278 /* SceneDelegate.swift in Sources */ = {isa = PBXBuildFile; fileRef = CE639293280AF19400891278 /* SceneDelegate.swift */; };
		CE639299280AF19400891278 /* Main.storyboard in Resources */ = {isa = PBXBuildFile; fileRef = CE639297280AF19400891278 /* Main.storyboard */; };
		CE63929B280AF19600891278 /* Assets.xcassets in Resources */ = {isa = PBXBuildFile; fileRef = CE63929A280AF19600891278 /* Assets.xcassets */; };
		CE63929E280AF19600891278 /* LaunchScreen.storyboard in Resources */ = {isa = PBXBuildFile; fileRef = CE63929C280AF19600891278 /* LaunchScreen.storyboard */; };
		CE6392A6280AF93900891278 /* HabitTableViewCell.swift in Sources */ = {isa = PBXBuildFile; fileRef = CE6392A5280AF93900891278 /* HabitTableViewCell.swift */; };
		CE780B552819A54D00506C2E /* PodFile in Resources */ = {isa = PBXBuildFile; fileRef = CE780B542819A54D00506C2E /* PodFile */; };
		CE94039D2862240B00CE1EE0 /* GoogleService-Info.plist in Resources */ = {isa = PBXBuildFile; fileRef = CE94039C2862240B00CE1EE0 /* GoogleService-Info.plist */; };
		CE986E4F28F565180099D7D2 /* FirebaseAuthServices.swift in Sources */ = {isa = PBXBuildFile; fileRef = CE986E3228F565170099D7D2 /* FirebaseAuthServices.swift */; };
		CE986E5028F565180099D7D2 /* FireBaseDatabaseServices.swift in Sources */ = {isa = PBXBuildFile; fileRef = CE986E3328F565170099D7D2 /* FireBaseDatabaseServices.swift */; };
		CE986E5128F565180099D7D2 /* ViewBuilder.swift in Sources */ = {isa = PBXBuildFile; fileRef = CE986E3528F565170099D7D2 /* ViewBuilder.swift */; };
		CE986E5228F565180099D7D2 /* AuthViewModel.swift in Sources */ = {isa = PBXBuildFile; fileRef = CE986E3828F565170099D7D2 /* AuthViewModel.swift */; };
		CE986E5328F565180099D7D2 /* User.swift in Sources */ = {isa = PBXBuildFile; fileRef = CE986E3A28F565170099D7D2 /* User.swift */; };
		CE986E5428F565180099D7D2 /* AuthViewController.swift in Sources */ = {isa = PBXBuildFile; fileRef = CE986E3C28F565170099D7D2 /* AuthViewController.swift */; };
		CE986E5528F565180099D7D2 /* AuthView.swift in Sources */ = {isa = PBXBuildFile; fileRef = CE986E3D28F565170099D7D2 /* AuthView.swift */; };
		CE986E5628F565180099D7D2 /* AddViewModel.swift in Sources */ = {isa = PBXBuildFile; fileRef = CE986E4028F565170099D7D2 /* AddViewModel.swift */; };
		CE986E5728F565180099D7D2 /* AddView.swift in Sources */ = {isa = PBXBuildFile; fileRef = CE986E4328F565170099D7D2 /* AddView.swift */; };
		CE986E5828F565180099D7D2 /* AddHabitViewController.swift in Sources */ = {isa = PBXBuildFile; fileRef = CE986E4428F565170099D7D2 /* AddHabitViewController.swift */; };
		CE986E5928F565180099D7D2 /* HabitListViewModel.swift in Sources */ = {isa = PBXBuildFile; fileRef = CE986E4728F565180099D7D2 /* HabitListViewModel.swift */; };
		CE986E5A28F565180099D7D2 /* FirebaseModel.swift in Sources */ = {isa = PBXBuildFile; fileRef = CE986E4928F565180099D7D2 /* FirebaseModel.swift */; };
		CE986E5B28F565180099D7D2 /* ViewController.swift in Sources */ = {isa = PBXBuildFile; fileRef = CE986E4B28F565180099D7D2 /* ViewController.swift */; };
		CE986E5C28F565180099D7D2 /* HabitListExtension.swift in Sources */ = {isa = PBXBuildFile; fileRef = CE986E4D28F565180099D7D2 /* HabitListExtension.swift */; };
		CE986E5F28F56AAB0099D7D2 /* HabitListView.swift in Sources */ = {isa = PBXBuildFile; fileRef = CE986E5E28F56AAB0099D7D2 /* HabitListView.swift */; };
/* End PBXBuildFile section */

/* Begin PBXFileReference section */
		7CDE3D0BBA0DE37772437ED2 /* Pods_Habit_Tracker.framework */ = {isa = PBXFileReference; explicitFileType = wrapper.framework; includeInIndex = 0; path = Pods_Habit_Tracker.framework; sourceTree = BUILT_PRODUCTS_DIR; };
		B3132AFAF835D8CE46BD9FD0 /* Pods-Habit Tracker.debug.xcconfig */ = {isa = PBXFileReference; includeInIndex = 1; lastKnownFileType = text.xcconfig; name = "Pods-Habit Tracker.debug.xcconfig"; path = "Target Support Files/Pods-Habit Tracker/Pods-Habit Tracker.debug.xcconfig"; sourceTree = "<group>"; };
		B3A420504080345B414F3855 /* Pods-Habit Tracker.release.xcconfig */ = {isa = PBXFileReference; includeInIndex = 1; lastKnownFileType = text.xcconfig; name = "Pods-Habit Tracker.release.xcconfig"; path = "Target Support Files/Pods-Habit Tracker/Pods-Habit Tracker.release.xcconfig"; sourceTree = "<group>"; };
		CE06B7F028F94DFF00794EA9 /* swiftgen.yml */ = {isa = PBXFileReference; fileEncoding = 4; lastKnownFileType = text.yaml; path = swiftgen.yml; sourceTree = SOURCE_ROOT; };
		CE63928E280AF19400891278 /* Habit Tracker.app */ = {isa = PBXFileReference; explicitFileType = wrapper.application; includeInIndex = 0; path = "Habit Tracker.app"; sourceTree = BUILT_PRODUCTS_DIR; };
		CE639291280AF19400891278 /* AppDelegate.swift */ = {isa = PBXFileReference; lastKnownFileType = sourcecode.swift; path = AppDelegate.swift; sourceTree = "<group>"; };
		CE639293280AF19400891278 /* SceneDelegate.swift */ = {isa = PBXFileReference; lastKnownFileType = sourcecode.swift; path = SceneDelegate.swift; sourceTree = "<group>"; };
		CE639298280AF19400891278 /* Base */ = {isa = PBXFileReference; lastKnownFileType = file.storyboard; name = Base; path = Base.lproj/Main.storyboard; sourceTree = "<group>"; };
		CE63929A280AF19600891278 /* Assets.xcassets */ = {isa = PBXFileReference; lastKnownFileType = folder.assetcatalog; path = Assets.xcassets; sourceTree = "<group>"; };
		CE63929D280AF19600891278 /* Base */ = {isa = PBXFileReference; lastKnownFileType = file.storyboard; name = Base; path = Base.lproj/LaunchScreen.storyboard; sourceTree = "<group>"; };
		CE63929F280AF19600891278 /* Info.plist */ = {isa = PBXFileReference; lastKnownFileType = text.plist.xml; path = Info.plist; sourceTree = "<group>"; };
		CE6392A5280AF93900891278 /* HabitTableViewCell.swift */ = {isa = PBXFileReference; lastKnownFileType = sourcecode.swift; path = HabitTableViewCell.swift; sourceTree = "<group>"; };
		CE780B542819A54D00506C2E /* PodFile */ = {isa = PBXFileReference; lastKnownFileType = text; path = PodFile; sourceTree = "<group>"; };
		CE94039C2862240B00CE1EE0 /* GoogleService-Info.plist */ = {isa = PBXFileReference; lastKnownFileType = text.plist; path = "GoogleService-Info.plist"; sourceTree = SOURCE_ROOT; };
		CE986E3228F565170099D7D2 /* FirebaseAuthServices.swift */ = {isa = PBXFileReference; fileEncoding = 4; lastKnownFileType = sourcecode.swift; path = FirebaseAuthServices.swift; sourceTree = "<group>"; };
		CE986E3328F565170099D7D2 /* FireBaseDatabaseServices.swift */ = {isa = PBXFileReference; fileEncoding = 4; lastKnownFileType = sourcecode.swift; path = FireBaseDatabaseServices.swift; sourceTree = "<group>"; };
		CE986E3528F565170099D7D2 /* ViewBuilder.swift */ = {isa = PBXFileReference; fileEncoding = 4; lastKnownFileType = sourcecode.swift; path = ViewBuilder.swift; sourceTree = "<group>"; };
		CE986E3828F565170099D7D2 /* AuthViewModel.swift */ = {isa = PBXFileReference; fileEncoding = 4; lastKnownFileType = sourcecode.swift; path = AuthViewModel.swift; sourceTree = "<group>"; };
		CE986E3A28F565170099D7D2 /* User.swift */ = {isa = PBXFileReference; fileEncoding = 4; lastKnownFileType = sourcecode.swift; path = User.swift; sourceTree = "<group>"; };
		CE986E3C28F565170099D7D2 /* AuthViewController.swift */ = {isa = PBXFileReference; fileEncoding = 4; lastKnownFileType = sourcecode.swift; path = AuthViewController.swift; sourceTree = "<group>"; };
		CE986E3D28F565170099D7D2 /* AuthView.swift */ = {isa = PBXFileReference; fileEncoding = 4; lastKnownFileType = sourcecode.swift; path = AuthView.swift; sourceTree = "<group>"; };
		CE986E4028F565170099D7D2 /* AddViewModel.swift */ = {isa = PBXFileReference; fileEncoding = 4; lastKnownFileType = sourcecode.swift; path = AddViewModel.swift; sourceTree = "<group>"; };
		CE986E4328F565170099D7D2 /* AddView.swift */ = {isa = PBXFileReference; fileEncoding = 4; lastKnownFileType = sourcecode.swift; path = AddView.swift; sourceTree = "<group>"; };
		CE986E4428F565170099D7D2 /* AddHabitViewController.swift */ = {isa = PBXFileReference; fileEncoding = 4; lastKnownFileType = sourcecode.swift; path = AddHabitViewController.swift; sourceTree = "<group>"; };
		CE986E4728F565180099D7D2 /* HabitListViewModel.swift */ = {isa = PBXFileReference; fileEncoding = 4; lastKnownFileType = sourcecode.swift; path = HabitListViewModel.swift; sourceTree = "<group>"; };
		CE986E4928F565180099D7D2 /* FirebaseModel.swift */ = {isa = PBXFileReference; fileEncoding = 4; lastKnownFileType = sourcecode.swift; path = FirebaseModel.swift; sourceTree = "<group>"; };
		CE986E4B28F565180099D7D2 /* ViewController.swift */ = {isa = PBXFileReference; fileEncoding = 4; lastKnownFileType = sourcecode.swift; path = ViewController.swift; sourceTree = "<group>"; };
		CE986E4D28F565180099D7D2 /* HabitListExtension.swift */ = {isa = PBXFileReference; fileEncoding = 4; lastKnownFileType = sourcecode.swift; path = HabitListExtension.swift; sourceTree = "<group>"; };
		CE986E5E28F56AAB0099D7D2 /* HabitListView.swift */ = {isa = PBXFileReference; lastKnownFileType = sourcecode.swift; path = HabitListView.swift; sourceTree = "<group>"; };
/* End PBXFileReference section */

/* Begin PBXFrameworksBuildPhase section */
		CE63928B280AF19400891278 /* Frameworks */ = {
			isa = PBXFrameworksBuildPhase;
			buildActionMask = 2147483647;
			files = (
				2FBB1967C2FBA09DEDB0B56D /* Pods_Habit_Tracker.framework in Frameworks */,
			);
			runOnlyForDeploymentPostprocessing = 0;
		};
/* End PBXFrameworksBuildPhase section */

/* Begin PBXGroup section */
		58FDA2B2972942338A583C86 /* Pods */ = {
			isa = PBXGroup;
			children = (
				B3132AFAF835D8CE46BD9FD0 /* Pods-Habit Tracker.debug.xcconfig */,
				B3A420504080345B414F3855 /* Pods-Habit Tracker.release.xcconfig */,
			);
			path = Pods;
			sourceTree = "<group>";
		};
		76DD80F0D21C90678F4DAA11 /* Frameworks */ = {
			isa = PBXGroup;
			children = (
				7CDE3D0BBA0DE37772437ED2 /* Pods_Habit_Tracker.framework */,
			);
			name = Frameworks;
			sourceTree = "<group>";
		};
		CE639285280AF19400891278 = {
			isa = PBXGroup;
			children = (
				CE639290280AF19400891278 /* Habit Tracker */,
				CE63928F280AF19400891278 /* Products */,
				58FDA2B2972942338A583C86 /* Pods */,
				76DD80F0D21C90678F4DAA11 /* Frameworks */,
			);
			sourceTree = "<group>";
		};
		CE63928F280AF19400891278 /* Products */ = {
			isa = PBXGroup;
			children = (
				CE63928E280AF19400891278 /* Habit Tracker.app */,
			);
			name = Products;
			sourceTree = "<group>";
		};
		CE639290280AF19400891278 /* Habit Tracker */ = {
			isa = PBXGroup;
			children = (
				CE06B7F028F94DFF00794EA9 /* swiftgen.yml */,
				CE639291280AF19400891278 /* AppDelegate.swift */,
				CE639293280AF19400891278 /* SceneDelegate.swift */,
				CE986E3E28F565170099D7D2 /* AddHabit */,
				CE986E3628F565170099D7D2 /* Authentication */,
				CE986E3428F565170099D7D2 /* Builder */,
				CE986E4528F565180099D7D2 /* HabitList */,
				CE986E3128F565170099D7D2 /* Services */,
				CE639297280AF19400891278 /* Main.storyboard */,
				CE780B542819A54D00506C2E /* PodFile */,
				CE63929A280AF19600891278 /* Assets.xcassets */,
				CE63929C280AF19600891278 /* LaunchScreen.storyboard */,
				CE63929F280AF19600891278 /* Info.plist */,
				CE94039C2862240B00CE1EE0 /* GoogleService-Info.plist */,
			);
			path = "Habit Tracker";
			sourceTree = "<group>";
		};
		CE986E3128F565170099D7D2 /* Services */ = {
			isa = PBXGroup;
			children = (
				CE986E3228F565170099D7D2 /* FirebaseAuthServices.swift */,
				CE986E3328F565170099D7D2 /* FireBaseDatabaseServices.swift */,
			);
			path = Services;
			sourceTree = "<group>";
		};
		CE986E3428F565170099D7D2 /* Builder */ = {
			isa = PBXGroup;
			children = (
				CE986E3528F565170099D7D2 /* ViewBuilder.swift */,
			);
			path = Builder;
			sourceTree = "<group>";
		};
		CE986E3628F565170099D7D2 /* Authentication */ = {
			isa = PBXGroup;
			children = (
				CE986E3728F565170099D7D2 /* ViewModel */,
				CE986E3928F565170099D7D2 /* Model */,
				CE986E3B28F565170099D7D2 /* View */,
			);
			path = Authentication;
			sourceTree = "<group>";
		};
		CE986E3728F565170099D7D2 /* ViewModel */ = {
			isa = PBXGroup;
			children = (
				CE986E3828F565170099D7D2 /* AuthViewModel.swift */,
			);
			path = ViewModel;
			sourceTree = "<group>";
		};
		CE986E3928F565170099D7D2 /* Model */ = {
			isa = PBXGroup;
			children = (
				CE986E3A28F565170099D7D2 /* User.swift */,
			);
			path = Model;
			sourceTree = "<group>";
		};
		CE986E3B28F565170099D7D2 /* View */ = {
			isa = PBXGroup;
			children = (
				CE986E3C28F565170099D7D2 /* AuthViewController.swift */,
				CE986E3D28F565170099D7D2 /* AuthView.swift */,
			);
			path = View;
			sourceTree = "<group>";
		};
		CE986E3E28F565170099D7D2 /* AddHabit */ = {
			isa = PBXGroup;
			children = (
				CE986E3F28F565170099D7D2 /* ViewModel */,
				CE986E4128F565170099D7D2 /* Model */,
				CE986E4228F565170099D7D2 /* View */,
			);
			path = AddHabit;
			sourceTree = "<group>";
		};
		CE986E3F28F565170099D7D2 /* ViewModel */ = {
			isa = PBXGroup;
			children = (
				CE986E4028F565170099D7D2 /* AddViewModel.swift */,
			);
			path = ViewModel;
			sourceTree = "<group>";
		};
		CE986E4128F565170099D7D2 /* Model */ = {
			isa = PBXGroup;
			children = (
			);
			path = Model;
			sourceTree = "<group>";
		};
		CE986E4228F565170099D7D2 /* View */ = {
			isa = PBXGroup;
			children = (
				CE986E4328F565170099D7D2 /* AddView.swift */,
				CE986E4428F565170099D7D2 /* AddHabitViewController.swift */,
			);
			path = View;
			sourceTree = "<group>";
		};
		CE986E4528F565180099D7D2 /* HabitList */ = {
			isa = PBXGroup;
			children = (
				CE986E4628F565180099D7D2 /* ViewModel */,
				CE986E4828F565180099D7D2 /* Model */,
				CE986E4A28F565180099D7D2 /* View */,
			);
			path = HabitList;
			sourceTree = "<group>";
		};
		CE986E4628F565180099D7D2 /* ViewModel */ = {
			isa = PBXGroup;
			children = (
				CE986E4728F565180099D7D2 /* HabitListViewModel.swift */,
			);
			path = ViewModel;
			sourceTree = "<group>";
		};
		CE986E4828F565180099D7D2 /* Model */ = {
			isa = PBXGroup;
			children = (
				CE986E4928F565180099D7D2 /* FirebaseModel.swift */,
			);
			path = Model;
			sourceTree = "<group>";
		};
		CE986E4A28F565180099D7D2 /* View */ = {
			isa = PBXGroup;
			children = (
				CE986E4B28F565180099D7D2 /* ViewController.swift */,
				CE6392A5280AF93900891278 /* HabitTableViewCell.swift */,
				CE986E4C28F565180099D7D2 /* Extension */,
				CE986E5E28F56AAB0099D7D2 /* HabitListView.swift */,
			);
			path = View;
			sourceTree = "<group>";
		};
		CE986E4C28F565180099D7D2 /* Extension */ = {
			isa = PBXGroup;
			children = (
				CE986E4D28F565180099D7D2 /* HabitListExtension.swift */,
			);
			path = Extension;
			sourceTree = "<group>";
		};
/* End PBXGroup section */

/* Begin PBXNativeTarget section */
		CE63928D280AF19400891278 /* Habit Tracker */ = {
			isa = PBXNativeTarget;
			buildConfigurationList = CE6392A2280AF19600891278 /* Build configuration list for PBXNativeTarget "Habit Tracker" */;
			buildPhases = (
				4D06A66E347E58972E6997A5 /* [CP] Check Pods Manifest.lock */,
				CE986E6028F6CE4E0099D7D2 /* ShellScript */,
				CE63928A280AF19400891278 /* Sources */,
				CE63928B280AF19400891278 /* Frameworks */,
				CE63928C280AF19400891278 /* Resources */,
				60BD32EEA101C688D32AA68B /* [CP] Embed Pods Frameworks */,
			);
			buildRules = (
			);
			dependencies = (
			);
			name = "Habit Tracker";
			productName = "Habit Tracker";
			productReference = CE63928E280AF19400891278 /* Habit Tracker.app */;
			productType = "com.apple.product-type.application";
		};
/* End PBXNativeTarget section */

/* Begin PBXProject section */
		CE639286280AF19400891278 /* Project object */ = {
			isa = PBXProject;
			attributes = {
				BuildIndependentTargetsInParallel = 1;
				LastSwiftUpdateCheck = 1330;
				LastUpgradeCheck = 1330;
				TargetAttributes = {
					CE63928D280AF19400891278 = {
						CreatedOnToolsVersion = 13.3.1;
					};
				};
			};
			buildConfigurationList = CE639289280AF19400891278 /* Build configuration list for PBXProject "Habit Tracker" */;
			compatibilityVersion = "Xcode 13.0";
			developmentRegion = en;
			hasScannedForEncodings = 0;
			knownRegions = (
				en,
				Base,
			);
			mainGroup = CE639285280AF19400891278;
			productRefGroup = CE63928F280AF19400891278 /* Products */;
			projectDirPath = "";
			projectRoot = "";
			targets = (
				CE63928D280AF19400891278 /* Habit Tracker */,
			);
		};
/* End PBXProject section */

/* Begin PBXResourcesBuildPhase section */
		CE63928C280AF19400891278 /* Resources */ = {
			isa = PBXResourcesBuildPhase;
			buildActionMask = 2147483647;
			files = (
				CE63929E280AF19600891278 /* LaunchScreen.storyboard in Resources */,
				CE63929B280AF19600891278 /* Assets.xcassets in Resources */,
				CE94039D2862240B00CE1EE0 /* GoogleService-Info.plist in Resources */,
				CE780B552819A54D00506C2E /* PodFile in Resources */,
				CE639299280AF19400891278 /* Main.storyboard in Resources */,
				CE06B7F128F94DFF00794EA9 /* swiftgen.yml in Resources */,
			);
			runOnlyForDeploymentPostprocessing = 0;
		};
/* End PBXResourcesBuildPhase section */

/* Begin PBXShellScriptBuildPhase section */
		4D06A66E347E58972E6997A5 /* [CP] Check Pods Manifest.lock */ = {
			isa = PBXShellScriptBuildPhase;
			buildActionMask = 2147483647;
			files = (
			);
			inputFileListPaths = (
			);
			inputPaths = (
				"${PODS_PODFILE_DIR_PATH}/Podfile.lock",
				"${PODS_ROOT}/Manifest.lock",
			);
			name = "[CP] Check Pods Manifest.lock";
			outputFileListPaths = (
			);
			outputPaths = (
				"$(DERIVED_FILE_DIR)/Pods-Habit Tracker-checkManifestLockResult.txt",
			);
			runOnlyForDeploymentPostprocessing = 0;
			shellPath = /bin/sh;
			shellScript = "diff \"${PODS_PODFILE_DIR_PATH}/Podfile.lock\" \"${PODS_ROOT}/Manifest.lock\" > /dev/null\nif [ $? != 0 ] ; then\n    # print error to STDERR\n    echo \"error: The sandbox is not in sync with the Podfile.lock. Run 'pod install' or update your CocoaPods installation.\" >&2\n    exit 1\nfi\n# This output is used by Xcode 'outputs' to avoid re-running this script phase.\necho \"SUCCESS\" > \"${SCRIPT_OUTPUT_FILE_0}\"\n";
			showEnvVarsInLog = 0;
		};
		60BD32EEA101C688D32AA68B /* [CP] Embed Pods Frameworks */ = {
			isa = PBXShellScriptBuildPhase;
			buildActionMask = 2147483647;
			files = (
			);
			inputFileListPaths = (
				"${PODS_ROOT}/Target Support Files/Pods-Habit Tracker/Pods-Habit Tracker-frameworks-${CONFIGURATION}-input-files.xcfilelist",
			);
			name = "[CP] Embed Pods Frameworks";
			outputFileListPaths = (
				"${PODS_ROOT}/Target Support Files/Pods-Habit Tracker/Pods-Habit Tracker-frameworks-${CONFIGURATION}-output-files.xcfilelist",
			);
			runOnlyForDeploymentPostprocessing = 0;
			shellPath = /bin/sh;
			shellScript = "\"${PODS_ROOT}/Target Support Files/Pods-Habit Tracker/Pods-Habit Tracker-frameworks.sh\"\n";
			showEnvVarsInLog = 0;
		};
		CE986E6028F6CE4E0099D7D2 /* ShellScript */ = {
			isa = PBXShellScriptBuildPhase;
			alwaysOutOfDate = 1;
			buildActionMask = 2147483647;
			files = (
			);
			inputFileListPaths = (
			);
			inputPaths = (
			);
			outputFileListPaths = (
			);
			outputPaths = (
			);
			runOnlyForDeploymentPostprocessing = 0;
			shellPath = /bin/sh;
			shellScript = "${PODS_ROOT}/SwiftLint/swiftlint\n\nexport PATH=\"$PATH:/opt/homebrew/bin\"\n\nif which swiftlint > /dev/null; then\n  swiftlint\nelse\n  echo \"warning: SwiftLint not installed, download from https://github.com/realm/SwiftLint\"\nfi\n";
		};
/* End PBXShellScriptBuildPhase section */

/* Begin PBXSourcesBuildPhase section */
		CE63928A280AF19400891278 /* Sources */ = {
			isa = PBXSourcesBuildPhase;
			buildActionMask = 2147483647;
			files = (
				CE639292280AF19400891278 /* AppDelegate.swift in Sources */,
				CE986E5128F565180099D7D2 /* ViewBuilder.swift in Sources */,
				CE986E5428F565180099D7D2 /* AuthViewController.swift in Sources */,
				CE6392A6280AF93900891278 /* HabitTableViewCell.swift in Sources */,
				CE986E5628F565180099D7D2 /* AddViewModel.swift in Sources */,
				CE986E5B28F565180099D7D2 /* ViewController.swift in Sources */,
				CE986E5828F565180099D7D2 /* AddHabitViewController.swift in Sources */,
				CE986E5728F565180099D7D2 /* AddView.swift in Sources */,
				CE986E5328F565180099D7D2 /* User.swift in Sources */,
				CE986E5F28F56AAB0099D7D2 /* HabitListView.swift in Sources */,
				CE639294280AF19400891278 /* SceneDelegate.swift in Sources */,
				CE986E5A28F565180099D7D2 /* FirebaseModel.swift in Sources */,
				CE986E4F28F565180099D7D2 /* FirebaseAuthServices.swift in Sources */,
				CE986E5228F565180099D7D2 /* AuthViewModel.swift in Sources */,
				CE986E5528F565180099D7D2 /* AuthView.swift in Sources */,
				CE986E5C28F565180099D7D2 /* HabitListExtension.swift in Sources */,
				CE986E5928F565180099D7D2 /* HabitListViewModel.swift in Sources */,
				CE986E5028F565180099D7D2 /* FireBaseDatabaseServices.swift in Sources */,
			);
			runOnlyForDeploymentPostprocessing = 0;
		};
/* End PBXSourcesBuildPhase section */

/* Begin PBXVariantGroup section */
		CE639297280AF19400891278 /* Main.storyboard */ = {
			isa = PBXVariantGroup;
			children = (
				CE639298280AF19400891278 /* Base */,
			);
			name = Main.storyboard;
			sourceTree = "<group>";
		};
		CE63929C280AF19600891278 /* LaunchScreen.storyboard */ = {
			isa = PBXVariantGroup;
			children = (
				CE63929D280AF19600891278 /* Base */,
			);
			name = LaunchScreen.storyboard;
			sourceTree = "<group>";
		};
/* End PBXVariantGroup section */

/* Begin XCBuildConfiguration section */
		CE6392A0280AF19600891278 /* Debug */ = {
			isa = XCBuildConfiguration;
			buildSettings = {
				ALWAYS_SEARCH_USER_PATHS = NO;
				CLANG_ANALYZER_NONNULL = YES;
				CLANG_ANALYZER_NUMBER_OBJECT_CONVERSION = YES_AGGRESSIVE;
				CLANG_CXX_LANGUAGE_STANDARD = "gnu++17";
				CLANG_ENABLE_MODULES = YES;
				CLANG_ENABLE_OBJC_ARC = YES;
				CLANG_ENABLE_OBJC_WEAK = YES;
				CLANG_WARN_BLOCK_CAPTURE_AUTORELEASING = YES;
				CLANG_WARN_BOOL_CONVERSION = YES;
				CLANG_WARN_COMMA = YES;
				CLANG_WARN_CONSTANT_CONVERSION = YES;
				CLANG_WARN_DEPRECATED_OBJC_IMPLEMENTATIONS = YES;
				CLANG_WARN_DIRECT_OBJC_ISA_USAGE = YES_ERROR;
				CLANG_WARN_DOCUMENTATION_COMMENTS = YES;
				CLANG_WARN_EMPTY_BODY = YES;
				CLANG_WARN_ENUM_CONVERSION = YES;
				CLANG_WARN_INFINITE_RECURSION = YES;
				CLANG_WARN_INT_CONVERSION = YES;
				CLANG_WARN_NON_LITERAL_NULL_CONVERSION = YES;
				CLANG_WARN_OBJC_IMPLICIT_RETAIN_SELF = YES;
				CLANG_WARN_OBJC_LITERAL_CONVERSION = YES;
				CLANG_WARN_OBJC_ROOT_CLASS = YES_ERROR;
				CLANG_WARN_QUOTED_INCLUDE_IN_FRAMEWORK_HEADER = YES;
				CLANG_WARN_RANGE_LOOP_ANALYSIS = YES;
				CLANG_WARN_STRICT_PROTOTYPES = YES;
				CLANG_WARN_SUSPICIOUS_MOVE = YES;
				CLANG_WARN_UNGUARDED_AVAILABILITY = YES_AGGRESSIVE;
				CLANG_WARN_UNREACHABLE_CODE = YES;
				CLANG_WARN__DUPLICATE_METHOD_MATCH = YES;
				COPY_PHASE_STRIP = NO;
				DEBUG_INFORMATION_FORMAT = dwarf;
				ENABLE_STRICT_OBJC_MSGSEND = YES;
				ENABLE_TESTABILITY = YES;
				GCC_C_LANGUAGE_STANDARD = gnu11;
				GCC_DYNAMIC_NO_PIC = NO;
				GCC_NO_COMMON_BLOCKS = YES;
				GCC_OPTIMIZATION_LEVEL = 0;
				GCC_PREPROCESSOR_DEFINITIONS = (
					"DEBUG=1",
					"$(inherited)",
				);
				GCC_WARN_64_TO_32_BIT_CONVERSION = YES;
				GCC_WARN_ABOUT_RETURN_TYPE = YES_ERROR;
				GCC_WARN_UNDECLARED_SELECTOR = YES;
				GCC_WARN_UNINITIALIZED_AUTOS = YES_AGGRESSIVE;
				GCC_WARN_UNUSED_FUNCTION = YES;
				GCC_WARN_UNUSED_VARIABLE = YES;
				IPHONEOS_DEPLOYMENT_TARGET = 15.4;
				MTL_ENABLE_DEBUG_INFO = INCLUDE_SOURCE;
				MTL_FAST_MATH = YES;
				ONLY_ACTIVE_ARCH = YES;
				SDKROOT = iphoneos;
				SWIFT_ACTIVE_COMPILATION_CONDITIONS = DEBUG;
				SWIFT_OPTIMIZATION_LEVEL = "-Onone";
			};
			name = Debug;
		};
		CE6392A1280AF19600891278 /* Release */ = {
			isa = XCBuildConfiguration;
			buildSettings = {
				ALWAYS_SEARCH_USER_PATHS = NO;
				CLANG_ANALYZER_NONNULL = YES;
				CLANG_ANALYZER_NUMBER_OBJECT_CONVERSION = YES_AGGRESSIVE;
				CLANG_CXX_LANGUAGE_STANDARD = "gnu++17";
				CLANG_ENABLE_MODULES = YES;
				CLANG_ENABLE_OBJC_ARC = YES;
				CLANG_ENABLE_OBJC_WEAK = YES;
				CLANG_WARN_BLOCK_CAPTURE_AUTORELEASING = YES;
				CLANG_WARN_BOOL_CONVERSION = YES;
				CLANG_WARN_COMMA = YES;
				CLANG_WARN_CONSTANT_CONVERSION = YES;
				CLANG_WARN_DEPRECATED_OBJC_IMPLEMENTATIONS = YES;
				CLANG_WARN_DIRECT_OBJC_ISA_USAGE = YES_ERROR;
				CLANG_WARN_DOCUMENTATION_COMMENTS = YES;
				CLANG_WARN_EMPTY_BODY = YES;
				CLANG_WARN_ENUM_CONVERSION = YES;
				CLANG_WARN_INFINITE_RECURSION = YES;
				CLANG_WARN_INT_CONVERSION = YES;
				CLANG_WARN_NON_LITERAL_NULL_CONVERSION = YES;
				CLANG_WARN_OBJC_IMPLICIT_RETAIN_SELF = YES;
				CLANG_WARN_OBJC_LITERAL_CONVERSION = YES;
				CLANG_WARN_OBJC_ROOT_CLASS = YES_ERROR;
				CLANG_WARN_QUOTED_INCLUDE_IN_FRAMEWORK_HEADER = YES;
				CLANG_WARN_RANGE_LOOP_ANALYSIS = YES;
				CLANG_WARN_STRICT_PROTOTYPES = YES;
				CLANG_WARN_SUSPICIOUS_MOVE = YES;
				CLANG_WARN_UNGUARDED_AVAILABILITY = YES_AGGRESSIVE;
				CLANG_WARN_UNREACHABLE_CODE = YES;
				CLANG_WARN__DUPLICATE_METHOD_MATCH = YES;
				COPY_PHASE_STRIP = NO;
				DEBUG_INFORMATION_FORMAT = "dwarf-with-dsym";
				ENABLE_NS_ASSERTIONS = NO;
				ENABLE_STRICT_OBJC_MSGSEND = YES;
				GCC_C_LANGUAGE_STANDARD = gnu11;
				GCC_NO_COMMON_BLOCKS = YES;
				GCC_WARN_64_TO_32_BIT_CONVERSION = YES;
				GCC_WARN_ABOUT_RETURN_TYPE = YES_ERROR;
				GCC_WARN_UNDECLARED_SELECTOR = YES;
				GCC_WARN_UNINITIALIZED_AUTOS = YES_AGGRESSIVE;
				GCC_WARN_UNUSED_FUNCTION = YES;
				GCC_WARN_UNUSED_VARIABLE = YES;
				IPHONEOS_DEPLOYMENT_TARGET = 15.4;
				MTL_ENABLE_DEBUG_INFO = NO;
				MTL_FAST_MATH = YES;
				SDKROOT = iphoneos;
				SWIFT_COMPILATION_MODE = wholemodule;
				SWIFT_OPTIMIZATION_LEVEL = "-O";
				VALIDATE_PRODUCT = YES;
			};
			name = Release;
		};
		CE6392A3280AF19600891278 /* Debug */ = {
			isa = XCBuildConfiguration;
			baseConfigurationReference = B3132AFAF835D8CE46BD9FD0 /* Pods-Habit Tracker.debug.xcconfig */;
			buildSettings = {
				ASSETCATALOG_COMPILER_APPICON_NAME = AppIcon;
				ASSETCATALOG_COMPILER_GLOBAL_ACCENT_COLOR_NAME = AccentColor;
				CODE_SIGN_STYLE = Automatic;
				CURRENT_PROJECT_VERSION = 1;
				DEVELOPMENT_TEAM = 42SA45ZPH7;
				GENERATE_INFOPLIST_FILE = YES;
				INFOPLIST_FILE = "Habit Tracker/Info.plist";
				INFOPLIST_KEY_UIApplicationSupportsIndirectInputEvents = YES;
				INFOPLIST_KEY_UILaunchStoryboardName = LaunchScreen;
				INFOPLIST_KEY_UIMainStoryboardFile = Main;
				INFOPLIST_KEY_UISupportedInterfaceOrientations_iPad = "UIInterfaceOrientationPortrait UIInterfaceOrientationPortraitUpsideDown UIInterfaceOrientationLandscapeLeft UIInterfaceOrientationLandscapeRight";
				INFOPLIST_KEY_UISupportedInterfaceOrientations_iPhone = "UIInterfaceOrientationPortrait UIInterfaceOrientationLandscapeLeft UIInterfaceOrientationLandscapeRight";
				LD_RUNPATH_SEARCH_PATHS = (
					"$(inherited)",
					"@executable_path/Frameworks",
				);
				MARKETING_VERSION = 1.0;
				PRODUCT_BUNDLE_IDENTIFIER = "Andrew-Kuzmych.Habit-Tracker";
				PRODUCT_NAME = "$(TARGET_NAME)";
				SWIFT_EMIT_LOC_STRINGS = YES;
				SWIFT_VERSION = 5.0;
				TARGETED_DEVICE_FAMILY = "1,2";
			};
			name = Debug;
		};
		CE6392A4280AF19600891278 /* Release */ = {
			isa = XCBuildConfiguration;
			baseConfigurationReference = B3A420504080345B414F3855 /* Pods-Habit Tracker.release.xcconfig */;
			buildSettings = {
				ASSETCATALOG_COMPILER_APPICON_NAME = AppIcon;
				ASSETCATALOG_COMPILER_GLOBAL_ACCENT_COLOR_NAME = AccentColor;
				CODE_SIGN_STYLE = Automatic;
				CURRENT_PROJECT_VERSION = 1;
				DEVELOPMENT_TEAM = 42SA45ZPH7;
				GENERATE_INFOPLIST_FILE = YES;
				INFOPLIST_FILE = "Habit Tracker/Info.plist";
				INFOPLIST_KEY_UIApplicationSupportsIndirectInputEvents = YES;
				INFOPLIST_KEY_UILaunchStoryboardName = LaunchScreen;
				INFOPLIST_KEY_UIMainStoryboardFile = Main;
				INFOPLIST_KEY_UISupportedInterfaceOrientations_iPad = "UIInterfaceOrientationPortrait UIInterfaceOrientationPortraitUpsideDown UIInterfaceOrientationLandscapeLeft UIInterfaceOrientationLandscapeRight";
				INFOPLIST_KEY_UISupportedInterfaceOrientations_iPhone = "UIInterfaceOrientationPortrait UIInterfaceOrientationLandscapeLeft UIInterfaceOrientationLandscapeRight";
				LD_RUNPATH_SEARCH_PATHS = (
					"$(inherited)",
					"@executable_path/Frameworks",
				);
				MARKETING_VERSION = 1.0;
				PRODUCT_BUNDLE_IDENTIFIER = "Andrew-Kuzmych.Habit-Tracker";
				PRODUCT_NAME = "$(TARGET_NAME)";
				SWIFT_EMIT_LOC_STRINGS = YES;
				SWIFT_VERSION = 5.0;
				TARGETED_DEVICE_FAMILY = "1,2";
			};
			name = Release;
		};
/* End XCBuildConfiguration section */

/* Begin XCConfigurationList section */
		CE639289280AF19400891278 /* Build configuration list for PBXProject "Habit Tracker" */ = {
			isa = XCConfigurationList;
			buildConfigurations = (
				CE6392A0280AF19600891278 /* Debug */,
				CE6392A1280AF19600891278 /* Release */,
			);
			defaultConfigurationIsVisible = 0;
			defaultConfigurationName = Release;
		};
		CE6392A2280AF19600891278 /* Build configuration list for PBXNativeTarget "Habit Tracker" */ = {
			isa = XCConfigurationList;
			buildConfigurations = (
				CE6392A3280AF19600891278 /* Debug */,
				CE6392A4280AF19600891278 /* Release */,
			);
			defaultConfigurationIsVisible = 0;
			defaultConfigurationName = Release;
		};
/* End XCConfigurationList section */
	};
	rootObject = CE639286280AF19400891278 /* Project object */;
}
